// !$*UTF8*$!
{
	archiveVersion = 1;
	classes = {
	};
	objectVersion = 56;
	objects = {

/* Begin PBXBuildFile section */
		579DE4B82B4FD26200E52CC3 /* CityDetailTableViewCell.swift in Sources */ = {isa = PBXBuildFile; fileRef = 579DE4B62B4FD26200E52CC3 /* CityDetailTableViewCell.swift */; };
		579DE4B92B4FD26200E52CC3 /* CityDetailTableViewCell.xib in Resources */ = {isa = PBXBuildFile; fileRef = 579DE4B72B4FD26200E52CC3 /* CityDetailTableViewCell.xib */; };
		579DE4BC2B4FD35000E52CC3 /* ADTableViewCell.swift in Sources */ = {isa = PBXBuildFile; fileRef = 579DE4BA2B4FD35000E52CC3 /* ADTableViewCell.swift */; };
		579DE4BD2B4FD35000E52CC3 /* ADTableViewCell.xib in Resources */ = {isa = PBXBuildFile; fileRef = 579DE4BB2B4FD35000E52CC3 /* ADTableViewCell.xib */; };
		579DE4BF2B4FD81800E52CC3 /* DetailViewController.swift in Sources */ = {isa = PBXBuildFile; fileRef = 579DE4BE2B4FD81800E52CC3 /* DetailViewController.swift */; };
		579DE4C12B4FD84E00E52CC3 /* TravelModel.swift in Sources */ = {isa = PBXBuildFile; fileRef = 579DE4C02B4FD84E00E52CC3 /* TravelModel.swift */; };
		579DE4C32B4FDA3600E52CC3 /* ADViewController.swift in Sources */ = {isa = PBXBuildFile; fileRef = 579DE4C22B4FDA3600E52CC3 /* ADViewController.swift */; };
		579DE4C52B4FDA6100E52CC3 /* TravelViewController.swift in Sources */ = {isa = PBXBuildFile; fileRef = 579DE4C42B4FDA6100E52CC3 /* TravelViewController.swift */; };
		579DE4C72B4FEE7D00E52CC3 /* TravelDetail.storyboard in Resources */ = {isa = PBXBuildFile; fileRef = 579DE4C62B4FEE7D00E52CC3 /* TravelDetail.storyboard */; };
		57BA00252B4C01AB00501B83 /* MagazineTableViewController.swift in Sources */ = {isa = PBXBuildFile; fileRef = 57BA00242B4C01AB00501B83 /* MagazineTableViewController.swift */; };
		57BA00272B4C025600501B83 /* MagazineTableViewCell.swift in Sources */ = {isa = PBXBuildFile; fileRef = 57BA00262B4C025600501B83 /* MagazineTableViewCell.swift */; };
		57BA00292B4C03B100501B83 /* MagazineInfo.swift in Sources */ = {isa = PBXBuildFile; fileRef = 57BA00282B4C03B100501B83 /* MagazineInfo.swift */; };
		57BA002C2B4C085D00501B83 /* Kingfisher in Frameworks */ = {isa = PBXBuildFile; productRef = 57BA002B2B4C085D00501B83 /* Kingfisher */; };
		57D25EAE2B4D3294005E7DD6 /* CityInfo.swift in Sources */ = {isa = PBXBuildFile; fileRef = 57D25EAD2B4D3294005E7DD6 /* CityInfo.swift */; };
		57D25EB22B4D32E8005E7DD6 /* CityInfo1CollectionViewController.swift in Sources */ = {isa = PBXBuildFile; fileRef = 57D25EB12B4D32E8005E7DD6 /* CityInfo1CollectionViewController.swift */; };
		57D25EB42B4D3306005E7DD6 /* CityInfo1CollectionViewCell.swift in Sources */ = {isa = PBXBuildFile; fileRef = 57D25EB32B4D3306005E7DD6 /* CityInfo1CollectionViewCell.swift */; };
		57D25EB72B4D5B9D005E7DD6 /* CityInfo2CollectionViewCell.swift in Sources */ = {isa = PBXBuildFile; fileRef = 57D25EB52B4D5B9D005E7DD6 /* CityInfo2CollectionViewCell.swift */; };
		57D25EB82B4D5B9D005E7DD6 /* CityInfo2CollectionViewCell.xib in Resources */ = {isa = PBXBuildFile; fileRef = 57D25EB62B4D5B9D005E7DD6 /* CityInfo2CollectionViewCell.xib */; };
		57D25EBA2B4D5BA7005E7DD6 /* CityInfo2CollectionViewController.swift in Sources */ = {isa = PBXBuildFile; fileRef = 57D25EB92B4D5BA7005E7DD6 /* CityInfo2CollectionViewController.swift */; };
		57D25EBC2B4D6309005E7DD6 /* CityInfo3ViewController.swift in Sources */ = {isa = PBXBuildFile; fileRef = 57D25EBB2B4D6309005E7DD6 /* CityInfo3ViewController.swift */; };
		57EE6DFA2B4BE39C00348EF9 /* AppDelegate.swift in Sources */ = {isa = PBXBuildFile; fileRef = 57EE6DF92B4BE39C00348EF9 /* AppDelegate.swift */; };
		57EE6DFC2B4BE39C00348EF9 /* SceneDelegate.swift in Sources */ = {isa = PBXBuildFile; fileRef = 57EE6DFB2B4BE39C00348EF9 /* SceneDelegate.swift */; };
		57EE6DFE2B4BE39C00348EF9 /* ViewController.swift in Sources */ = {isa = PBXBuildFile; fileRef = 57EE6DFD2B4BE39C00348EF9 /* ViewController.swift */; };
		57EE6E012B4BE39C00348EF9 /* Main.storyboard in Resources */ = {isa = PBXBuildFile; fileRef = 57EE6DFF2B4BE39C00348EF9 /* Main.storyboard */; };
		57EE6E032B4BE39D00348EF9 /* Assets.xcassets in Resources */ = {isa = PBXBuildFile; fileRef = 57EE6E022B4BE39D00348EF9 /* Assets.xcassets */; };
		57EE6E062B4BE39D00348EF9 /* LaunchScreen.storyboard in Resources */ = {isa = PBXBuildFile; fileRef = 57EE6E042B4BE39D00348EF9 /* LaunchScreen.storyboard */; };
		57EE6E0E2B4BE3BD00348EF9 /* ShoppingListTableViewController.swift in Sources */ = {isa = PBXBuildFile; fileRef = 57EE6E0D2B4BE3BD00348EF9 /* ShoppingListTableViewController.swift */; };
		57EE6E102B4BE6C300348EF9 /* ShoppingListTableViewCell.swift in Sources */ = {isa = PBXBuildFile; fileRef = 57EE6E0F2B4BE6C300348EF9 /* ShoppingListTableViewCell.swift */; };
/* End PBXBuildFile section */

/* Begin PBXFileReference section */
		579DE4B62B4FD26200E52CC3 /* CityDetailTableViewCell.swift */ = {isa = PBXFileReference; lastKnownFileType = sourcecode.swift; path = CityDetailTableViewCell.swift; sourceTree = "<group>"; };
		579DE4B72B4FD26200E52CC3 /* CityDetailTableViewCell.xib */ = {isa = PBXFileReference; lastKnownFileType = file.xib; path = CityDetailTableViewCell.xib; sourceTree = "<group>"; };
		579DE4BA2B4FD35000E52CC3 /* ADTableViewCell.swift */ = {isa = PBXFileReference; lastKnownFileType = sourcecode.swift; path = ADTableViewCell.swift; sourceTree = "<group>"; };
		579DE4BB2B4FD35000E52CC3 /* ADTableViewCell.xib */ = {isa = PBXFileReference; lastKnownFileType = file.xib; path = ADTableViewCell.xib; sourceTree = "<group>"; };
		579DE4BE2B4FD81800E52CC3 /* DetailViewController.swift */ = {isa = PBXFileReference; lastKnownFileType = sourcecode.swift; path = DetailViewController.swift; sourceTree = "<group>"; };
		579DE4C02B4FD84E00E52CC3 /* TravelModel.swift */ = {isa = PBXFileReference; fileEncoding = 4; lastKnownFileType = sourcecode.swift; path = TravelModel.swift; sourceTree = "<group>"; };
		579DE4C22B4FDA3600E52CC3 /* ADViewController.swift */ = {isa = PBXFileReference; lastKnownFileType = sourcecode.swift; path = ADViewController.swift; sourceTree = "<group>"; };
		579DE4C42B4FDA6100E52CC3 /* TravelViewController.swift */ = {isa = PBXFileReference; lastKnownFileType = sourcecode.swift; path = TravelViewController.swift; sourceTree = "<group>"; };
		579DE4C62B4FEE7D00E52CC3 /* TravelDetail.storyboard */ = {isa = PBXFileReference; lastKnownFileType = file.storyboard; path = TravelDetail.storyboard; sourceTree = "<group>"; };
		57BA00242B4C01AB00501B83 /* MagazineTableViewController.swift */ = {isa = PBXFileReference; lastKnownFileType = sourcecode.swift; path = MagazineTableViewController.swift; sourceTree = "<group>"; };
		57BA00262B4C025600501B83 /* MagazineTableViewCell.swift */ = {isa = PBXFileReference; lastKnownFileType = sourcecode.swift; path = MagazineTableViewCell.swift; sourceTree = "<group>"; };
		57BA00282B4C03B100501B83 /* MagazineInfo.swift */ = {isa = PBXFileReference; fileEncoding = 4; lastKnownFileType = sourcecode.swift; path = MagazineInfo.swift; sourceTree = "<group>"; };
		57D25EAD2B4D3294005E7DD6 /* CityInfo.swift */ = {isa = PBXFileReference; fileEncoding = 4; lastKnownFileType = sourcecode.swift; path = CityInfo.swift; sourceTree = "<group>"; };
		57D25EB12B4D32E8005E7DD6 /* CityInfo1CollectionViewController.swift */ = {isa = PBXFileReference; lastKnownFileType = sourcecode.swift; path = CityInfo1CollectionViewController.swift; sourceTree = "<group>"; };
		57D25EB32B4D3306005E7DD6 /* CityInfo1CollectionViewCell.swift */ = {isa = PBXFileReference; lastKnownFileType = sourcecode.swift; path = CityInfo1CollectionViewCell.swift; sourceTree = "<group>"; };
		57D25EB52B4D5B9D005E7DD6 /* CityInfo2CollectionViewCell.swift */ = {isa = PBXFileReference; lastKnownFileType = sourcecode.swift; path = CityInfo2CollectionViewCell.swift; sourceTree = "<group>"; };
		57D25EB62B4D5B9D005E7DD6 /* CityInfo2CollectionViewCell.xib */ = {isa = PBXFileReference; lastKnownFileType = file.xib; path = CityInfo2CollectionViewCell.xib; sourceTree = "<group>"; };
		57D25EB92B4D5BA7005E7DD6 /* CityInfo2CollectionViewController.swift */ = {isa = PBXFileReference; lastKnownFileType = sourcecode.swift; path = CityInfo2CollectionViewController.swift; sourceTree = "<group>"; };
		57D25EBB2B4D6309005E7DD6 /* CityInfo3ViewController.swift */ = {isa = PBXFileReference; lastKnownFileType = sourcecode.swift; path = CityInfo3ViewController.swift; sourceTree = "<group>"; };
		57EE6DF62B4BE39C00348EF9 /* ShoppingListApp.app */ = {isa = PBXFileReference; explicitFileType = wrapper.application; includeInIndex = 0; path = ShoppingListApp.app; sourceTree = BUILT_PRODUCTS_DIR; };
		57EE6DF92B4BE39C00348EF9 /* AppDelegate.swift */ = {isa = PBXFileReference; lastKnownFileType = sourcecode.swift; path = AppDelegate.swift; sourceTree = "<group>"; };
		57EE6DFB2B4BE39C00348EF9 /* SceneDelegate.swift */ = {isa = PBXFileReference; lastKnownFileType = sourcecode.swift; path = SceneDelegate.swift; sourceTree = "<group>"; };
		57EE6DFD2B4BE39C00348EF9 /* ViewController.swift */ = {isa = PBXFileReference; lastKnownFileType = sourcecode.swift; path = ViewController.swift; sourceTree = "<group>"; };
		57EE6E002B4BE39C00348EF9 /* Base */ = {isa = PBXFileReference; lastKnownFileType = file.storyboard; name = Base; path = Base.lproj/Main.storyboard; sourceTree = "<group>"; };
		57EE6E022B4BE39D00348EF9 /* Assets.xcassets */ = {isa = PBXFileReference; lastKnownFileType = folder.assetcatalog; path = Assets.xcassets; sourceTree = "<group>"; };
		57EE6E052B4BE39D00348EF9 /* Base */ = {isa = PBXFileReference; lastKnownFileType = file.storyboard; name = Base; path = Base.lproj/LaunchScreen.storyboard; sourceTree = "<group>"; };
		57EE6E072B4BE39D00348EF9 /* Info.plist */ = {isa = PBXFileReference; lastKnownFileType = text.plist.xml; path = Info.plist; sourceTree = "<group>"; };
		57EE6E0D2B4BE3BD00348EF9 /* ShoppingListTableViewController.swift */ = {isa = PBXFileReference; lastKnownFileType = sourcecode.swift; path = ShoppingListTableViewController.swift; sourceTree = "<group>"; };
		57EE6E0F2B4BE6C300348EF9 /* ShoppingListTableViewCell.swift */ = {isa = PBXFileReference; lastKnownFileType = sourcecode.swift; path = ShoppingListTableViewCell.swift; sourceTree = "<group>"; };
/* End PBXFileReference section */

/* Begin PBXFrameworksBuildPhase section */
		57EE6DF32B4BE39C00348EF9 /* Frameworks */ = {
			isa = PBXFrameworksBuildPhase;
			buildActionMask = 2147483647;
			files = (
				57BA002C2B4C085D00501B83 /* Kingfisher in Frameworks */,
			);
			runOnlyForDeploymentPostprocessing = 0;
		};
/* End PBXFrameworksBuildPhase section */

/* Begin PBXGroup section */
		579DE4AF2B4FD18C00E52CC3 /* ShoppingList */ = {
			isa = PBXGroup;
			children = (
				57EE6E0D2B4BE3BD00348EF9 /* ShoppingListTableViewController.swift */,
				57EE6E0F2B4BE6C300348EF9 /* ShoppingListTableViewCell.swift */,
			);
			path = ShoppingList;
			sourceTree = "<group>";
		};
		579DE4B02B4FD1AA00E52CC3 /* Magazine */ = {
			isa = PBXGroup;
			children = (
				57BA00242B4C01AB00501B83 /* MagazineTableViewController.swift */,
				57BA00262B4C025600501B83 /* MagazineTableViewCell.swift */,
			);
			path = Magazine;
			sourceTree = "<group>";
		};
		579DE4B12B4FD1B300E52CC3 /* CityInfo1 */ = {
			isa = PBXGroup;
			children = (
				57D25EB12B4D32E8005E7DD6 /* CityInfo1CollectionViewController.swift */,
				57D25EB32B4D3306005E7DD6 /* CityInfo1CollectionViewCell.swift */,
			);
			path = CityInfo1;
			sourceTree = "<group>";
		};
		579DE4B22B4FD22E00E52CC3 /* CityInfo2 */ = {
			isa = PBXGroup;
			children = (
				57D25EB92B4D5BA7005E7DD6 /* CityInfo2CollectionViewController.swift */,
				57D25EB52B4D5B9D005E7DD6 /* CityInfo2CollectionViewCell.swift */,
				57D25EB62B4D5B9D005E7DD6 /* CityInfo2CollectionViewCell.xib */,
			);
			path = CityInfo2;
			sourceTree = "<group>";
		};
		579DE4B32B4FD23800E52CC3 /* CityInfo3 */ = {
			isa = PBXGroup;
			children = (
				57D25EBB2B4D6309005E7DD6 /* CityInfo3ViewController.swift */,
				579DE4B62B4FD26200E52CC3 /* CityDetailTableViewCell.swift */,
				579DE4B72B4FD26200E52CC3 /* CityDetailTableViewCell.xib */,
				579DE4BA2B4FD35000E52CC3 /* ADTableViewCell.swift */,
				579DE4BB2B4FD35000E52CC3 /* ADTableViewCell.xib */,
				579DE4BE2B4FD81800E52CC3 /* DetailViewController.swift */,
				579DE4C22B4FDA3600E52CC3 /* ADViewController.swift */,
				579DE4C42B4FDA6100E52CC3 /* TravelViewController.swift */,
				579DE4C62B4FEE7D00E52CC3 /* TravelDetail.storyboard */,
			);
			path = CityInfo3;
			sourceTree = "<group>";
		};
		57D25EAF2B4D32C0005E7DD6 /* Model */ = {
			isa = PBXGroup;
			children = (
				579DE4C02B4FD84E00E52CC3 /* TravelModel.swift */,
				57BA00282B4C03B100501B83 /* MagazineInfo.swift */,
				57D25EAD2B4D3294005E7DD6 /* CityInfo.swift */,
			);
			path = Model;
			sourceTree = "<group>";
		};
		57D25EB02B4D32C9005E7DD6 /* View */ = {
			isa = PBXGroup;
			children = (
				579DE4B32B4FD23800E52CC3 /* CityInfo3 */,
				579DE4B22B4FD22E00E52CC3 /* CityInfo2 */,
				579DE4B12B4FD1B300E52CC3 /* CityInfo1 */,
				579DE4B02B4FD1AA00E52CC3 /* Magazine */,
				579DE4AF2B4FD18C00E52CC3 /* ShoppingList */,
			);
			path = View;
			sourceTree = "<group>";
		};
		57EE6DED2B4BE39C00348EF9 = {
			isa = PBXGroup;
			children = (
				57EE6DF82B4BE39C00348EF9 /* ShoppingListApp */,
				57EE6DF72B4BE39C00348EF9 /* Products */,
			);
			sourceTree = "<group>";
		};
		57EE6DF72B4BE39C00348EF9 /* Products */ = {
			isa = PBXGroup;
			children = (
				57EE6DF62B4BE39C00348EF9 /* ShoppingListApp.app */,
			);
			name = Products;
			sourceTree = "<group>";
		};
		57EE6DF82B4BE39C00348EF9 /* ShoppingListApp */ = {
			isa = PBXGroup;
			children = (
				57D25EB02B4D32C9005E7DD6 /* View */,
				57D25EAF2B4D32C0005E7DD6 /* Model */,
				57EE6DF92B4BE39C00348EF9 /* AppDelegate.swift */,
				57EE6DFB2B4BE39C00348EF9 /* SceneDelegate.swift */,
				57EE6DFD2B4BE39C00348EF9 /* ViewController.swift */,
				57EE6DFF2B4BE39C00348EF9 /* Main.storyboard */,
				57EE6E022B4BE39D00348EF9 /* Assets.xcassets */,
				57EE6E042B4BE39D00348EF9 /* LaunchScreen.storyboard */,
				57EE6E072B4BE39D00348EF9 /* Info.plist */,
			);
			path = ShoppingListApp;
			sourceTree = "<group>";
		};
/* End PBXGroup section */

/* Begin PBXNativeTarget section */
		57EE6DF52B4BE39C00348EF9 /* ShoppingListApp */ = {
			isa = PBXNativeTarget;
			buildConfigurationList = 57EE6E0A2B4BE39D00348EF9 /* Build configuration list for PBXNativeTarget "ShoppingListApp" */;
			buildPhases = (
				57EE6DF22B4BE39C00348EF9 /* Sources */,
				57EE6DF32B4BE39C00348EF9 /* Frameworks */,
				57EE6DF42B4BE39C00348EF9 /* Resources */,
			);
			buildRules = (
			);
			dependencies = (
			);
			name = ShoppingListApp;
			packageProductDependencies = (
				57BA002B2B4C085D00501B83 /* Kingfisher */,
			);
			productName = ShoppingListApp;
			productReference = 57EE6DF62B4BE39C00348EF9 /* ShoppingListApp.app */;
			productType = "com.apple.product-type.application";
		};
/* End PBXNativeTarget section */

/* Begin PBXProject section */
		57EE6DEE2B4BE39C00348EF9 /* Project object */ = {
			isa = PBXProject;
			attributes = {
				BuildIndependentTargetsInParallel = 1;
				LastSwiftUpdateCheck = 1500;
				LastUpgradeCheck = 1500;
				TargetAttributes = {
					57EE6DF52B4BE39C00348EF9 = {
						CreatedOnToolsVersion = 15.0.1;
					};
				};
			};
			buildConfigurationList = 57EE6DF12B4BE39C00348EF9 /* Build configuration list for PBXProject "ShoppingListApp" */;
			compatibilityVersion = "Xcode 14.0";
			developmentRegion = en;
			hasScannedForEncodings = 0;
			knownRegions = (
				en,
				Base,
			);
			mainGroup = 57EE6DED2B4BE39C00348EF9;
			packageReferences = (
				57BA002A2B4C085D00501B83 /* XCRemoteSwiftPackageReference "Kingfisher" */,
			);
			productRefGroup = 57EE6DF72B4BE39C00348EF9 /* Products */;
			projectDirPath = "";
			projectRoot = "";
			targets = (
				57EE6DF52B4BE39C00348EF9 /* ShoppingListApp */,
			);
		};
/* End PBXProject section */

/* Begin PBXResourcesBuildPhase section */
		57EE6DF42B4BE39C00348EF9 /* Resources */ = {
			isa = PBXResourcesBuildPhase;
			buildActionMask = 2147483647;
			files = (
				579DE4BD2B4FD35000E52CC3 /* ADTableViewCell.xib in Resources */,
				57EE6E062B4BE39D00348EF9 /* LaunchScreen.storyboard in Resources */,
				579DE4B92B4FD26200E52CC3 /* CityDetailTableViewCell.xib in Resources */,
				579DE4C72B4FEE7D00E52CC3 /* TravelDetail.storyboard in Resources */,
				57EE6E032B4BE39D00348EF9 /* Assets.xcassets in Resources */,
				57D25EB82B4D5B9D005E7DD6 /* CityInfo2CollectionViewCell.xib in Resources */,
				57EE6E012B4BE39C00348EF9 /* Main.storyboard in Resources */,
			);
			runOnlyForDeploymentPostprocessing = 0;
		};
/* End PBXResourcesBuildPhase section */

/* Begin PBXSourcesBuildPhase section */
		57EE6DF22B4BE39C00348EF9 /* Sources */ = {
			isa = PBXSourcesBuildPhase;
			buildActionMask = 2147483647;
			files = (
				579DE4C32B4FDA3600E52CC3 /* ADViewController.swift in Sources */,
				57EE6DFE2B4BE39C00348EF9 /* ViewController.swift in Sources */,
				579DE4BF2B4FD81800E52CC3 /* DetailViewController.swift in Sources */,
				57D25EBA2B4D5BA7005E7DD6 /* CityInfo2CollectionViewController.swift in Sources */,
				579DE4C12B4FD84E00E52CC3 /* TravelModel.swift in Sources */,
				57D25EB22B4D32E8005E7DD6 /* CityInfo1CollectionViewController.swift in Sources */,
				57D25EBC2B4D6309005E7DD6 /* CityInfo3ViewController.swift in Sources */,
				579DE4BC2B4FD35000E52CC3 /* ADTableViewCell.swift in Sources */,
				57EE6DFA2B4BE39C00348EF9 /* AppDelegate.swift in Sources */,
				57BA00272B4C025600501B83 /* MagazineTableViewCell.swift in Sources */,
				579DE4B82B4FD26200E52CC3 /* CityDetailTableViewCell.swift in Sources */,
				57EE6DFC2B4BE39C00348EF9 /* SceneDelegate.swift in Sources */,
				57D25EB42B4D3306005E7DD6 /* CityInfo1CollectionViewCell.swift in Sources */,
				57BA00252B4C01AB00501B83 /* MagazineTableViewController.swift in Sources */,
				579DE4C52B4FDA6100E52CC3 /* TravelViewController.swift in Sources */,
				57BA00292B4C03B100501B83 /* MagazineInfo.swift in Sources */,
				57EE6E102B4BE6C300348EF9 /* ShoppingListTableViewCell.swift in Sources */,
				57D25EAE2B4D3294005E7DD6 /* CityInfo.swift in Sources */,
				57D25EB72B4D5B9D005E7DD6 /* CityInfo2CollectionViewCell.swift in Sources */,
				57EE6E0E2B4BE3BD00348EF9 /* ShoppingListTableViewController.swift in Sources */,
			);
			runOnlyForDeploymentPostprocessing = 0;
		};
/* End PBXSourcesBuildPhase section */

/* Begin PBXVariantGroup section */
		57EE6DFF2B4BE39C00348EF9 /* Main.storyboard */ = {
			isa = PBXVariantGroup;
			children = (
				57EE6E002B4BE39C00348EF9 /* Base */,
			);
			name = Main.storyboard;
			sourceTree = "<group>";
		};
		57EE6E042B4BE39D00348EF9 /* LaunchScreen.storyboard */ = {
			isa = PBXVariantGroup;
			children = (
				57EE6E052B4BE39D00348EF9 /* Base */,
			);
			name = LaunchScreen.storyboard;
			sourceTree = "<group>";
		};
/* End PBXVariantGroup section */

/* Begin XCBuildConfiguration section */
		57EE6E082B4BE39D00348EF9 /* Debug */ = {
			isa = XCBuildConfiguration;
			buildSettings = {
				ALWAYS_SEARCH_USER_PATHS = NO;
				ASSETCATALOG_COMPILER_GENERATE_SWIFT_ASSET_SYMBOL_EXTENSIONS = YES;
				CLANG_ANALYZER_NONNULL = YES;
				CLANG_ANALYZER_NUMBER_OBJECT_CONVERSION = YES_AGGRESSIVE;
				CLANG_CXX_LANGUAGE_STANDARD = "gnu++20";
				CLANG_ENABLE_MODULES = YES;
				CLANG_ENABLE_OBJC_ARC = YES;
				CLANG_ENABLE_OBJC_WEAK = YES;
				CLANG_WARN_BLOCK_CAPTURE_AUTORELEASING = YES;
				CLANG_WARN_BOOL_CONVERSION = YES;
				CLANG_WARN_COMMA = YES;
				CLANG_WARN_CONSTANT_CONVERSION = YES;
				CLANG_WARN_DEPRECATED_OBJC_IMPLEMENTATIONS = YES;
				CLANG_WARN_DIRECT_OBJC_ISA_USAGE = YES_ERROR;
				CLANG_WARN_DOCUMENTATION_COMMENTS = YES;
				CLANG_WARN_EMPTY_BODY = YES;
				CLANG_WARN_ENUM_CONVERSION = YES;
				CLANG_WARN_INFINITE_RECURSION = YES;
				CLANG_WARN_INT_CONVERSION = YES;
				CLANG_WARN_NON_LITERAL_NULL_CONVERSION = YES;
				CLANG_WARN_OBJC_IMPLICIT_RETAIN_SELF = YES;
				CLANG_WARN_OBJC_LITERAL_CONVERSION = YES;
				CLANG_WARN_OBJC_ROOT_CLASS = YES_ERROR;
				CLANG_WARN_QUOTED_INCLUDE_IN_FRAMEWORK_HEADER = YES;
				CLANG_WARN_RANGE_LOOP_ANALYSIS = YES;
				CLANG_WARN_STRICT_PROTOTYPES = YES;
				CLANG_WARN_SUSPICIOUS_MOVE = YES;
				CLANG_WARN_UNGUARDED_AVAILABILITY = YES_AGGRESSIVE;
				CLANG_WARN_UNREACHABLE_CODE = YES;
				CLANG_WARN__DUPLICATE_METHOD_MATCH = YES;
				COPY_PHASE_STRIP = NO;
				DEBUG_INFORMATION_FORMAT = dwarf;
				ENABLE_STRICT_OBJC_MSGSEND = YES;
				ENABLE_TESTABILITY = YES;
				ENABLE_USER_SCRIPT_SANDBOXING = YES;
				GCC_C_LANGUAGE_STANDARD = gnu17;
				GCC_DYNAMIC_NO_PIC = NO;
				GCC_NO_COMMON_BLOCKS = YES;
				GCC_OPTIMIZATION_LEVEL = 0;
				GCC_PREPROCESSOR_DEFINITIONS = (
					"DEBUG=1",
					"$(inherited)",
				);
				GCC_WARN_64_TO_32_BIT_CONVERSION = YES;
				GCC_WARN_ABOUT_RETURN_TYPE = YES_ERROR;
				GCC_WARN_UNDECLARED_SELECTOR = YES;
				GCC_WARN_UNINITIALIZED_AUTOS = YES_AGGRESSIVE;
				GCC_WARN_UNUSED_FUNCTION = YES;
				GCC_WARN_UNUSED_VARIABLE = YES;
				IPHONEOS_DEPLOYMENT_TARGET = 17.0;
				LOCALIZATION_PREFERS_STRING_CATALOGS = YES;
				MTL_ENABLE_DEBUG_INFO = INCLUDE_SOURCE;
				MTL_FAST_MATH = YES;
				ONLY_ACTIVE_ARCH = YES;
				SDKROOT = iphoneos;
				SWIFT_ACTIVE_COMPILATION_CONDITIONS = "DEBUG $(inherited)";
				SWIFT_OPTIMIZATION_LEVEL = "-Onone";
			};
			name = Debug;
		};
		57EE6E092B4BE39D00348EF9 /* Release */ = {
			isa = XCBuildConfiguration;
			buildSettings = {
				ALWAYS_SEARCH_USER_PATHS = NO;
				ASSETCATALOG_COMPILER_GENERATE_SWIFT_ASSET_SYMBOL_EXTENSIONS = YES;
				CLANG_ANALYZER_NONNULL = YES;
				CLANG_ANALYZER_NUMBER_OBJECT_CONVERSION = YES_AGGRESSIVE;
				CLANG_CXX_LANGUAGE_STANDARD = "gnu++20";
				CLANG_ENABLE_MODULES = YES;
				CLANG_ENABLE_OBJC_ARC = YES;
				CLANG_ENABLE_OBJC_WEAK = YES;
				CLANG_WARN_BLOCK_CAPTURE_AUTORELEASING = YES;
				CLANG_WARN_BOOL_CONVERSION = YES;
				CLANG_WARN_COMMA = YES;
				CLANG_WARN_CONSTANT_CONVERSION = YES;
				CLANG_WARN_DEPRECATED_OBJC_IMPLEMENTATIONS = YES;
				CLANG_WARN_DIRECT_OBJC_ISA_USAGE = YES_ERROR;
				CLANG_WARN_DOCUMENTATION_COMMENTS = YES;
				CLANG_WARN_EMPTY_BODY = YES;
				CLANG_WARN_ENUM_CONVERSION = YES;
				CLANG_WARN_INFINITE_RECURSION = YES;
				CLANG_WARN_INT_CONVERSION = YES;
				CLANG_WARN_NON_LITERAL_NULL_CONVERSION = YES;
				CLANG_WARN_OBJC_IMPLICIT_RETAIN_SELF = YES;
				CLANG_WARN_OBJC_LITERAL_CONVERSION = YES;
				CLANG_WARN_OBJC_ROOT_CLASS = YES_ERROR;
				CLANG_WARN_QUOTED_INCLUDE_IN_FRAMEWORK_HEADER = YES;
				CLANG_WARN_RANGE_LOOP_ANALYSIS = YES;
				CLANG_WARN_STRICT_PROTOTYPES = YES;
				CLANG_WARN_SUSPICIOUS_MOVE = YES;
				CLANG_WARN_UNGUARDED_AVAILABILITY = YES_AGGRESSIVE;
				CLANG_WARN_UNREACHABLE_CODE = YES;
				CLANG_WARN__DUPLICATE_METHOD_MATCH = YES;
				COPY_PHASE_STRIP = NO;
				DEBUG_INFORMATION_FORMAT = "dwarf-with-dsym";
				ENABLE_NS_ASSERTIONS = NO;
				ENABLE_STRICT_OBJC_MSGSEND = YES;
				ENABLE_USER_SCRIPT_SANDBOXING = YES;
				GCC_C_LANGUAGE_STANDARD = gnu17;
				GCC_NO_COMMON_BLOCKS = YES;
				GCC_WARN_64_TO_32_BIT_CONVERSION = YES;
				GCC_WARN_ABOUT_RETURN_TYPE = YES_ERROR;
				GCC_WARN_UNDECLARED_SELECTOR = YES;
				GCC_WARN_UNINITIALIZED_AUTOS = YES_AGGRESSIVE;
				GCC_WARN_UNUSED_FUNCTION = YES;
				GCC_WARN_UNUSED_VARIABLE = YES;
				IPHONEOS_DEPLOYMENT_TARGET = 17.0;
				LOCALIZATION_PREFERS_STRING_CATALOGS = YES;
				MTL_ENABLE_DEBUG_INFO = NO;
				MTL_FAST_MATH = YES;
				SDKROOT = iphoneos;
				SWIFT_COMPILATION_MODE = wholemodule;
				VALIDATE_PRODUCT = YES;
			};
			name = Release;
		};
		57EE6E0B2B4BE39D00348EF9 /* Debug */ = {
			isa = XCBuildConfiguration;
			buildSettings = {
				ASSETCATALOG_COMPILER_APPICON_NAME = AppIcon;
				ASSETCATALOG_COMPILER_GLOBAL_ACCENT_COLOR_NAME = AccentColor;
				CODE_SIGN_STYLE = Automatic;
				CURRENT_PROJECT_VERSION = 1;
				DEVELOPMENT_TEAM = MTUYFM4K8P;
				GENERATE_INFOPLIST_FILE = YES;
				INFOPLIST_FILE = ShoppingListApp/Info.plist;
				INFOPLIST_KEY_UIApplicationSupportsIndirectInputEvents = YES;
				INFOPLIST_KEY_UILaunchStoryboardName = LaunchScreen;
				INFOPLIST_KEY_UIMainStoryboardFile = Main;
				INFOPLIST_KEY_UISupportedInterfaceOrientations_iPad = "UIInterfaceOrientationPortrait UIInterfaceOrientationPortraitUpsideDown UIInterfaceOrientationLandscapeLeft UIInterfaceOrientationLandscapeRight";
				INFOPLIST_KEY_UISupportedInterfaceOrientations_iPhone = "UIInterfaceOrientationPortrait UIInterfaceOrientationLandscapeLeft UIInterfaceOrientationLandscapeRight";
				LD_RUNPATH_SEARCH_PATHS = (
					"$(inherited)",
					"@executable_path/Frameworks",
				);
				MARKETING_VERSION = 1.0;
				PRODUCT_BUNDLE_IDENTIFIER = com.madeline.ShoppingListApp;
				PRODUCT_NAME = "$(TARGET_NAME)";
				SWIFT_EMIT_LOC_STRINGS = YES;
				SWIFT_VERSION = 5.0;
				TARGETED_DEVICE_FAMILY = "1,2";
			};
			name = Debug;
		};
		57EE6E0C2B4BE39D00348EF9 /* Release */ = {
			isa = XCBuildConfiguration;
			buildSettings = {
				ASSETCATALOG_COMPILER_APPICON_NAME = AppIcon;
				ASSETCATALOG_COMPILER_GLOBAL_ACCENT_COLOR_NAME = AccentColor;
				CODE_SIGN_STYLE = Automatic;
				CURRENT_PROJECT_VERSION = 1;
				DEVELOPMENT_TEAM = MTUYFM4K8P;
				GENERATE_INFOPLIST_FILE = YES;
				INFOPLIST_FILE = ShoppingListApp/Info.plist;
				INFOPLIST_KEY_UIApplicationSupportsIndirectInputEvents = YES;
				INFOPLIST_KEY_UILaunchStoryboardName = LaunchScreen;
				INFOPLIST_KEY_UIMainStoryboardFile = Main;
				INFOPLIST_KEY_UISupportedInterfaceOrientations_iPad = "UIInterfaceOrientationPortrait UIInterfaceOrientationPortraitUpsideDown UIInterfaceOrientationLandscapeLeft UIInterfaceOrientationLandscapeRight";
				INFOPLIST_KEY_UISupportedInterfaceOrientations_iPhone = "UIInterfaceOrientationPortrait UIInterfaceOrientationLandscapeLeft UIInterfaceOrientationLandscapeRight";
				LD_RUNPATH_SEARCH_PATHS = (
					"$(inherited)",
					"@executable_path/Frameworks",
				);
				MARKETING_VERSION = 1.0;
				PRODUCT_BUNDLE_IDENTIFIER = com.madeline.ShoppingListApp;
				PRODUCT_NAME = "$(TARGET_NAME)";
				SWIFT_EMIT_LOC_STRINGS = YES;
				SWIFT_VERSION = 5.0;
				TARGETED_DEVICE_FAMILY = "1,2";
			};
			name = Release;
		};
/* End XCBuildConfiguration section */

/* Begin XCConfigurationList section */
		57EE6DF12B4BE39C00348EF9 /* Build configuration list for PBXProject "ShoppingListApp" */ = {
			isa = XCConfigurationList;
			buildConfigurations = (
				57EE6E082B4BE39D00348EF9 /* Debug */,
				57EE6E092B4BE39D00348EF9 /* Release */,
			);
			defaultConfigurationIsVisible = 0;
			defaultConfigurationName = Release;
		};
		57EE6E0A2B4BE39D00348EF9 /* Build configuration list for PBXNativeTarget "ShoppingListApp" */ = {
			isa = XCConfigurationList;
			buildConfigurations = (
				57EE6E0B2B4BE39D00348EF9 /* Debug */,
				57EE6E0C2B4BE39D00348EF9 /* Release */,
			);
			defaultConfigurationIsVisible = 0;
			defaultConfigurationName = Release;
		};
/* End XCConfigurationList section */

/* Begin XCRemoteSwiftPackageReference section */
		57BA002A2B4C085D00501B83 /* XCRemoteSwiftPackageReference "Kingfisher" */ = {
			isa = XCRemoteSwiftPackageReference;
			repositoryURL = "https://github.com/onevcat/Kingfisher.git";
			requirement = {
				kind = upToNextMajorVersion;
				minimumVersion = 7.10.1;
			};
		};
/* End XCRemoteSwiftPackageReference section */

/* Begin XCSwiftPackageProductDependency section */
		57BA002B2B4C085D00501B83 /* Kingfisher */ = {
			isa = XCSwiftPackageProductDependency;
			package = 57BA002A2B4C085D00501B83 /* XCRemoteSwiftPackageReference "Kingfisher" */;
			productName = Kingfisher;
		};
/* End XCSwiftPackageProductDependency section */
	};
	rootObject = 57EE6DEE2B4BE39C00348EF9 /* Project object */;
}
